// !$*UTF8*$!
{
	archiveVersion = 1;
	classes = {
	};
	objectVersion = 50;
	objects = {

/* Begin PBXBuildFile section */
		A487B9B6229BB0860013686F /* XQArchiveConfigModel.m in Sources */ = {isa = PBXBuildFile; fileRef = A487B9B5229BB0860013686F /* XQArchiveConfigModel.m */; };
		A487B9BA229BBA240013686F /* XQHomePageItem.m in Sources */ = {isa = PBXBuildFile; fileRef = A487B9B8229BBA240013686F /* XQHomePageItem.m */; };
		A487B9BB229BBA240013686F /* XQHomePageItem.xib in Resources */ = {isa = PBXBuildFile; fileRef = A487B9B9229BBA240013686F /* XQHomePageItem.xib */; };
		A487B9C0229BC67F0013686F /* XQEditVC.m in Sources */ = {isa = PBXBuildFile; fileRef = A487B9BE229BC67F0013686F /* XQEditVC.m */; };
		A487B9C5229BC71C0013686F /* XQHomePageAddItem.m in Sources */ = {isa = PBXBuildFile; fileRef = A487B9C3229BC71C0013686F /* XQHomePageAddItem.m */; };
		A487B9C6229BC71C0013686F /* XQHomePageAddItem.xib in Resources */ = {isa = PBXBuildFile; fileRef = A487B9C4229BC71C0013686F /* XQHomePageAddItem.xib */; };
		A487B9D2229BE0FF0013686F /* xq_xcode.sh in Resources */ = {isa = PBXBuildFile; fileRef = A487B9C8229BE0FF0013686F /* xq_xcode.sh */; };
		A487B9D3229BE0FF0013686F /* xq_plist.sh in Resources */ = {isa = PBXBuildFile; fileRef = A487B9C9229BE0FF0013686F /* xq_plist.sh */; };
		A487B9D4229BE0FF0013686F /* xq_test.sh in Resources */ = {isa = PBXBuildFile; fileRef = A487B9CB229BE0FF0013686F /* xq_test.sh */; };
		A487B9D5229BE0FF0013686F /* xq_upload.sh in Resources */ = {isa = PBXBuildFile; fileRef = A487B9CC229BE0FF0013686F /* xq_upload.sh */; };
		A487B9D6229BE0FF0013686F /* xq_shell.sh in Resources */ = {isa = PBXBuildFile; fileRef = A487B9CD229BE0FF0013686F /* xq_shell.sh */; };
		A487B9D8229BE0FF0013686F /* xq_archive.sh in Resources */ = {isa = PBXBuildFile; fileRef = A487B9CF229BE0FF0013686F /* xq_archive.sh */; };
		A487B9D9229BE0FF0013686F /* xq_bugly.sh in Resources */ = {isa = PBXBuildFile; fileRef = A487B9D0229BE0FF0013686F /* xq_bugly.sh */; };
		A4968C4E228E8610004ED08A /* AppDelegate.m in Sources */ = {isa = PBXBuildFile; fileRef = A4968C4D228E8610004ED08A /* AppDelegate.m */; };
		A4968C51228E8610004ED08A /* ViewController.m in Sources */ = {isa = PBXBuildFile; fileRef = A4968C50228E8610004ED08A /* ViewController.m */; };
		A4968C53228E8611004ED08A /* Assets.xcassets in Resources */ = {isa = PBXBuildFile; fileRef = A4968C52228E8611004ED08A /* Assets.xcassets */; };
		A4968C56228E8611004ED08A /* Main.storyboard in Resources */ = {isa = PBXBuildFile; fileRef = A4968C54228E8611004ED08A /* Main.storyboard */; };
		A4968C59228E8611004ED08A /* main.m in Sources */ = {isa = PBXBuildFile; fileRef = A4968C58228E8611004ED08A /* main.m */; };
		A4968C6C228E879C004ED08A /* XQTestVC.m in Sources */ = {isa = PBXBuildFile; fileRef = A4968C6A228E879C004ED08A /* XQTestVC.m */; };
		A4968C6D228E879C004ED08A /* XQTestVC.xib in Resources */ = {isa = PBXBuildFile; fileRef = A4968C6B228E879C004ED08A /* XQTestVC.xib */; };
		A4C61103229D093700754194 /* PBXObjects.m in Sources */ = {isa = PBXBuildFile; fileRef = A4C610CE229D093700754194 /* PBXObjects.m */; };
		A4C61104229D093700754194 /* PBXObject.m in Sources */ = {isa = PBXBuildFile; fileRef = A4C610D0229D093700754194 /* PBXObject.m */; };
		A4C61105229D093700754194 /* PBXBuildFile.m in Sources */ = {isa = PBXBuildFile; fileRef = A4C610D1229D093700754194 /* PBXBuildFile.m */; };
		A4C61106229D093700754194 /* PBXShellScriptBuildPhase.m in Sources */ = {isa = PBXBuildFile; fileRef = A4C610D5229D093700754194 /* PBXShellScriptBuildPhase.m */; };
		A4C61107229D093700754194 /* PBXBuildPhases.m in Sources */ = {isa = PBXBuildFile; fileRef = A4C610D9229D093700754194 /* PBXBuildPhases.m */; };
		A4C61108229D093700754194 /* PBXSourcesBuildPhase.m in Sources */ = {isa = PBXBuildFile; fileRef = A4C610DA229D093700754194 /* PBXSourcesBuildPhase.m */; };
		A4C61109229D093700754194 /* PBXFrameworksBuildPhase.m in Sources */ = {isa = PBXBuildFile; fileRef = A4C610DC229D093700754194 /* PBXFrameworksBuildPhase.m */; };
		A4C6110A229D093700754194 /* PBXResourcesBuildPhase.m in Sources */ = {isa = PBXBuildFile; fileRef = A4C610DD229D093700754194 /* PBXResourcesBuildPhase.m */; };
		A4C6110B229D093700754194 /* PBXTargetDependency.m in Sources */ = {isa = PBXBuildFile; fileRef = A4C610DF229D093700754194 /* PBXTargetDependency.m */; };
		A4C6110C229D093700754194 /* PBXProject.m in Sources */ = {isa = PBXBuildFile; fileRef = A4C610E0229D093700754194 /* PBXProject.m */; };
		A4C6110D229D093700754194 /* PBXTarget.m in Sources */ = {isa = PBXBuildFile; fileRef = A4C610E2229D093700754194 /* PBXTarget.m */; };
		A4C6110E229D093700754194 /* PBXNativeTarget.m in Sources */ = {isa = PBXBuildFile; fileRef = A4C610E6229D093700754194 /* PBXNativeTarget.m */; };
		A4C6110F229D093700754194 /* PBXAggregateTarget.m in Sources */ = {isa = PBXBuildFile; fileRef = A4C610E7229D093700754194 /* PBXAggregateTarget.m */; };
		A4C61110229D093700754194 /* PBXProjParser.m in Sources */ = {isa = PBXBuildFile; fileRef = A4C610E8229D093700754194 /* PBXProjParser.m */; };
		A4C61111229D093700754194 /* XCBuildConfiguration.m in Sources */ = {isa = PBXBuildFile; fileRef = A4C610EB229D093700754194 /* XCBuildConfiguration.m */; };
		A4C61112229D093700754194 /* XCConfigurationList.m in Sources */ = {isa = PBXBuildFile; fileRef = A4C610EC229D093700754194 /* XCConfigurationList.m */; };
		A4C61113229D093700754194 /* PBXGroup.m in Sources */ = {isa = PBXBuildFile; fileRef = A4C610F3229D093700754194 /* PBXGroup.m */; };
		A4C61114229D093700754194 /* PBXVariantGroup.m in Sources */ = {isa = PBXBuildFile; fileRef = A4C610F4229D093700754194 /* PBXVariantGroup.m */; };
		A4C61115229D093700754194 /* PBXNavigatorItem.m in Sources */ = {isa = PBXBuildFile; fileRef = A4C610F5229D093700754194 /* PBXNavigatorItem.m */; };
		A4C61116229D093700754194 /* PBXFileReference.m in Sources */ = {isa = PBXBuildFile; fileRef = A4C610F6229D093700754194 /* PBXFileReference.m */; };
		A4C61117229D093800754194 /* PBXProjectConst.m in Sources */ = {isa = PBXBuildFile; fileRef = A4C610FA229D093700754194 /* PBXProjectConst.m */; };
		A4C61118229D093800754194 /* PBXContainerItemProxy.m in Sources */ = {isa = PBXBuildFile; fileRef = A4C610FB229D093700754194 /* PBXContainerItemProxy.m */; };
		A4C61119229D093800754194 /* NSDictionary+PBXProjectFormat.m in Sources */ = {isa = PBXBuildFile; fileRef = A4C610FF229D093700754194 /* NSDictionary+PBXProjectFormat.m */; };
		A4C6111A229D093800754194 /* PBXCompare.m in Sources */ = {isa = PBXBuildFile; fileRef = A4C61101229D093700754194 /* PBXCompare.m */; };
		A4C6111F229D171E00754194 /* ProfilesNode.m in Sources */ = {isa = PBXBuildFile; fileRef = A4C6111D229D171E00754194 /* ProfilesNode.m */; };
		A4C61126229D176100754194 /* DateManager.m in Sources */ = {isa = PBXBuildFile; fileRef = A4C61123229D176100754194 /* DateManager.m */; };
		A4C61129229D1B6200754194 /* NSData+JKBase64.m in Sources */ = {isa = PBXBuildFile; fileRef = A4C61127229D1B6200754194 /* NSData+JKBase64.m */; };
		A4C61131229D217500754194 /* XQMobileprovision.m in Sources */ = {isa = PBXBuildFile; fileRef = A4C61130229D217500754194 /* XQMobileprovision.m */; };
		A4C61134229D21E700754194 /* XQMobileprovisionModel.m in Sources */ = {isa = PBXBuildFile; fileRef = A4C61133229D21E700754194 /* XQMobileprovisionModel.m */; };
		A4C61137229D22BD00754194 /* XQEntitlementsModel.m in Sources */ = {isa = PBXBuildFile; fileRef = A4C61136229D22BD00754194 /* XQEntitlementsModel.m */; };
		A4D1350C229FBC8100609D2E /* XQTestScrollViewVC.m in Sources */ = {isa = PBXBuildFile; fileRef = A4D1350A229FBC8100609D2E /* XQTestScrollViewVC.m */; };
		A4D1350D229FBC8100609D2E /* XQTestScrollViewVC.xib in Resources */ = {isa = PBXBuildFile; fileRef = A4D1350B229FBC8100609D2E /* XQTestScrollViewVC.xib */; };
		A4D13516229FDC1800609D2E /* XQEditView.m in Sources */ = {isa = PBXBuildFile; fileRef = A4D13515229FDC1800609D2E /* XQEditView.m */; };
		A4D13519229FDEAA00609D2E /* XQEditMobileprovisionView.m in Sources */ = {isa = PBXBuildFile; fileRef = A4D13518229FDEAA00609D2E /* XQEditMobileprovisionView.m */; };
		A4E7DA2E22A0D16100A76788 /* NSViewController+XQLoadView.m in Sources */ = {isa = PBXBuildFile; fileRef = A4E7DA2D22A0D16100A76788 /* NSViewController+XQLoadView.m */; };
		A4E7DA3022A0DB9900A76788 /* XQEditVC.xib in Resources */ = {isa = PBXBuildFile; fileRef = A4E7DA2F22A0DB9900A76788 /* XQEditVC.xib */; };
		A4E7DA3422A0DC1300A76788 /* XQLabel.m in Sources */ = {isa = PBXBuildFile; fileRef = A4E7DA3322A0DC1300A76788 /* XQLabel.m */; };
		A4E86837229E2C24008BBB73 /* XQArchivePlistModel.m in Sources */ = {isa = PBXBuildFile; fileRef = A4E86836229E2C24008BBB73 /* XQArchivePlistModel.m */; };
		A4E8683F229E4C32008BBB73 /* XQArchiveProjectModel.m in Sources */ = {isa = PBXBuildFile; fileRef = A4E8683E229E4C32008BBB73 /* XQArchiveProjectModel.m */; };
		A4E86842229E4DD6008BBB73 /* XQArchiveModel.m in Sources */ = {isa = PBXBuildFile; fileRef = A4E86841229E4DD6008BBB73 /* XQArchiveModel.m */; };
		D08AA9E563963EB56EDAC1C7 /* Pods_XQArchiveProject.framework in Frameworks */ = {isa = PBXBuildFile; fileRef = 3A5C957ABF6B3F1D01513534 /* Pods_XQArchiveProject.framework */; };
/* End PBXBuildFile section */

/* Begin PBXFileReference section */
		3A5C957ABF6B3F1D01513534 /* Pods_XQArchiveProject.framework */ = {isa = PBXFileReference; explicitFileType = wrapper.framework; includeInIndex = 0; path = Pods_XQArchiveProject.framework; sourceTree = BUILT_PRODUCTS_DIR; };
		A487B9B4229BB0860013686F /* XQArchiveConfigModel.h */ = {isa = PBXFileReference; lastKnownFileType = sourcecode.c.h; path = XQArchiveConfigModel.h; sourceTree = "<group>"; };
		A487B9B5229BB0860013686F /* XQArchiveConfigModel.m */ = {isa = PBXFileReference; lastKnownFileType = sourcecode.c.objc; path = XQArchiveConfigModel.m; sourceTree = "<group>"; };
		A487B9B7229BBA240013686F /* XQHomePageItem.h */ = {isa = PBXFileReference; lastKnownFileType = sourcecode.c.h; path = XQHomePageItem.h; sourceTree = "<group>"; };
		A487B9B8229BBA240013686F /* XQHomePageItem.m */ = {isa = PBXFileReference; lastKnownFileType = sourcecode.c.objc; path = XQHomePageItem.m; sourceTree = "<group>"; };
		A487B9B9229BBA240013686F /* XQHomePageItem.xib */ = {isa = PBXFileReference; lastKnownFileType = file.xib; path = XQHomePageItem.xib; sourceTree = "<group>"; };
		A487B9BD229BC67F0013686F /* XQEditVC.h */ = {isa = PBXFileReference; lastKnownFileType = sourcecode.c.h; path = XQEditVC.h; sourceTree = "<group>"; };
		A487B9BE229BC67F0013686F /* XQEditVC.m */ = {isa = PBXFileReference; lastKnownFileType = sourcecode.c.objc; path = XQEditVC.m; sourceTree = "<group>"; };
		A487B9C2229BC71C0013686F /* XQHomePageAddItem.h */ = {isa = PBXFileReference; lastKnownFileType = sourcecode.c.h; path = XQHomePageAddItem.h; sourceTree = "<group>"; };
		A487B9C3229BC71C0013686F /* XQHomePageAddItem.m */ = {isa = PBXFileReference; lastKnownFileType = sourcecode.c.objc; path = XQHomePageAddItem.m; sourceTree = "<group>"; };
		A487B9C4229BC71C0013686F /* XQHomePageAddItem.xib */ = {isa = PBXFileReference; lastKnownFileType = file.xib; path = XQHomePageAddItem.xib; sourceTree = "<group>"; };
		A487B9C8229BE0FF0013686F /* xq_xcode.sh */ = {isa = PBXFileReference; fileEncoding = 4; lastKnownFileType = text.script.sh; path = xq_xcode.sh; sourceTree = "<group>"; };
		A487B9C9229BE0FF0013686F /* xq_plist.sh */ = {isa = PBXFileReference; fileEncoding = 4; lastKnownFileType = text.script.sh; path = xq_plist.sh; sourceTree = "<group>"; };
		A487B9CB229BE0FF0013686F /* xq_test.sh */ = {isa = PBXFileReference; fileEncoding = 4; lastKnownFileType = text.script.sh; path = xq_test.sh; sourceTree = "<group>"; };
		A487B9CC229BE0FF0013686F /* xq_upload.sh */ = {isa = PBXFileReference; fileEncoding = 4; lastKnownFileType = text.script.sh; path = xq_upload.sh; sourceTree = "<group>"; };
		A487B9CD229BE0FF0013686F /* xq_shell.sh */ = {isa = PBXFileReference; fileEncoding = 4; lastKnownFileType = text.script.sh; path = xq_shell.sh; sourceTree = "<group>"; };
		A487B9CF229BE0FF0013686F /* xq_archive.sh */ = {isa = PBXFileReference; fileEncoding = 4; lastKnownFileType = text.script.sh; path = xq_archive.sh; sourceTree = "<group>"; };
		A487B9D0229BE0FF0013686F /* xq_bugly.sh */ = {isa = PBXFileReference; fileEncoding = 4; lastKnownFileType = text.script.sh; path = xq_bugly.sh; sourceTree = "<group>"; };
		A4968C49228E8610004ED08A /* XQArchiveProject.app */ = {isa = PBXFileReference; explicitFileType = wrapper.application; includeInIndex = 0; path = XQArchiveProject.app; sourceTree = BUILT_PRODUCTS_DIR; };
		A4968C4C228E8610004ED08A /* AppDelegate.h */ = {isa = PBXFileReference; lastKnownFileType = sourcecode.c.h; path = AppDelegate.h; sourceTree = "<group>"; };
		A4968C4D228E8610004ED08A /* AppDelegate.m */ = {isa = PBXFileReference; lastKnownFileType = sourcecode.c.objc; path = AppDelegate.m; sourceTree = "<group>"; };
		A4968C4F228E8610004ED08A /* ViewController.h */ = {isa = PBXFileReference; lastKnownFileType = sourcecode.c.h; path = ViewController.h; sourceTree = "<group>"; };
		A4968C50228E8610004ED08A /* ViewController.m */ = {isa = PBXFileReference; lastKnownFileType = sourcecode.c.objc; path = ViewController.m; sourceTree = "<group>"; };
		A4968C52228E8611004ED08A /* Assets.xcassets */ = {isa = PBXFileReference; lastKnownFileType = folder.assetcatalog; path = Assets.xcassets; sourceTree = "<group>"; };
		A4968C55228E8611004ED08A /* Base */ = {isa = PBXFileReference; lastKnownFileType = file.storyboard; name = Base; path = Base.lproj/Main.storyboard; sourceTree = "<group>"; };
		A4968C57228E8611004ED08A /* Info.plist */ = {isa = PBXFileReference; lastKnownFileType = text.plist.xml; path = Info.plist; sourceTree = "<group>"; };
		A4968C58228E8611004ED08A /* main.m */ = {isa = PBXFileReference; lastKnownFileType = sourcecode.c.objc; path = main.m; sourceTree = "<group>"; };
		A4968C5A228E8611004ED08A /* XQArchiveProject.entitlements */ = {isa = PBXFileReference; lastKnownFileType = text.plist.entitlements; path = XQArchiveProject.entitlements; sourceTree = "<group>"; };
		A4968C69228E879C004ED08A /* XQTestVC.h */ = {isa = PBXFileReference; lastKnownFileType = sourcecode.c.h; path = XQTestVC.h; sourceTree = "<group>"; };
		A4968C6A228E879C004ED08A /* XQTestVC.m */ = {isa = PBXFileReference; lastKnownFileType = sourcecode.c.objc; path = XQTestVC.m; sourceTree = "<group>"; };
		A4968C6B228E879C004ED08A /* XQTestVC.xib */ = {isa = PBXFileReference; lastKnownFileType = file.xib; path = XQTestVC.xib; sourceTree = "<group>"; };
		A4C610CD229D093700754194 /* PBXProject.h */ = {isa = PBXFileReference; fileEncoding = 4; lastKnownFileType = sourcecode.c.h; path = PBXProject.h; sourceTree = "<group>"; };
		A4C610CE229D093700754194 /* PBXObjects.m */ = {isa = PBXFileReference; fileEncoding = 4; lastKnownFileType = sourcecode.c.objc; path = PBXObjects.m; sourceTree = "<group>"; };
		A4C610CF229D093700754194 /* PBXProjParser.h */ = {isa = PBXFileReference; fileEncoding = 4; lastKnownFileType = sourcecode.c.h; path = PBXProjParser.h; sourceTree = "<group>"; };
		A4C610D0229D093700754194 /* PBXObject.m */ = {isa = PBXFileReference; fileEncoding = 4; lastKnownFileType = sourcecode.c.objc; path = PBXObject.m; sourceTree = "<group>"; };
		A4C610D1229D093700754194 /* PBXBuildFile.m */ = {isa = PBXFileReference; fileEncoding = 4; lastKnownFileType = sourcecode.c.objc; path = PBXBuildFile.m; sourceTree = "<group>"; };
		A4C610D2229D093700754194 /* PBXContainerItemProxy.h */ = {isa = PBXFileReference; fileEncoding = 4; lastKnownFileType = sourcecode.c.h; path = PBXContainerItemProxy.h; sourceTree = "<group>"; };
		A4C610D3229D093700754194 /* PBXProjectConst.h */ = {isa = PBXFileReference; fileEncoding = 4; lastKnownFileType = sourcecode.c.h; path = PBXProjectConst.h; sourceTree = "<group>"; };
		A4C610D5229D093700754194 /* PBXShellScriptBuildPhase.m */ = {isa = PBXFileReference; fileEncoding = 4; lastKnownFileType = sourcecode.c.objc; path = PBXShellScriptBuildPhase.m; sourceTree = "<group>"; };
		A4C610D6229D093700754194 /* PBXSourcesBuildPhase.h */ = {isa = PBXFileReference; fileEncoding = 4; lastKnownFileType = sourcecode.c.h; path = PBXSourcesBuildPhase.h; sourceTree = "<group>"; };
		A4C610D7229D093700754194 /* PBXFrameworksBuildPhase.h */ = {isa = PBXFileReference; fileEncoding = 4; lastKnownFileType = sourcecode.c.h; path = PBXFrameworksBuildPhase.h; sourceTree = "<group>"; };
		A4C610D8229D093700754194 /* PBXResourcesBuildPhase.h */ = {isa = PBXFileReference; fileEncoding = 4; lastKnownFileType = sourcecode.c.h; path = PBXResourcesBuildPhase.h; sourceTree = "<group>"; };
		A4C610D9229D093700754194 /* PBXBuildPhases.m */ = {isa = PBXFileReference; fileEncoding = 4; lastKnownFileType = sourcecode.c.objc; path = PBXBuildPhases.m; sourceTree = "<group>"; };
		A4C610DA229D093700754194 /* PBXSourcesBuildPhase.m */ = {isa = PBXFileReference; fileEncoding = 4; lastKnownFileType = sourcecode.c.objc; path = PBXSourcesBuildPhase.m; sourceTree = "<group>"; };
		A4C610DB229D093700754194 /* PBXShellScriptBuildPhase.h */ = {isa = PBXFileReference; fileEncoding = 4; lastKnownFileType = sourcecode.c.h; path = PBXShellScriptBuildPhase.h; sourceTree = "<group>"; };
		A4C610DC229D093700754194 /* PBXFrameworksBuildPhase.m */ = {isa = PBXFileReference; fileEncoding = 4; lastKnownFileType = sourcecode.c.objc; path = PBXFrameworksBuildPhase.m; sourceTree = "<group>"; };
		A4C610DD229D093700754194 /* PBXResourcesBuildPhase.m */ = {isa = PBXFileReference; fileEncoding = 4; lastKnownFileType = sourcecode.c.objc; path = PBXResourcesBuildPhase.m; sourceTree = "<group>"; };
		A4C610DE229D093700754194 /* PBXBuildPhases.h */ = {isa = PBXFileReference; fileEncoding = 4; lastKnownFileType = sourcecode.c.h; path = PBXBuildPhases.h; sourceTree = "<group>"; };
		A4C610DF229D093700754194 /* PBXTargetDependency.m */ = {isa = PBXFileReference; fileEncoding = 4; lastKnownFileType = sourcecode.c.objc; path = PBXTargetDependency.m; sourceTree = "<group>"; };
		A4C610E0229D093700754194 /* PBXProject.m */ = {isa = PBXFileReference; fileEncoding = 4; lastKnownFileType = sourcecode.c.objc; path = PBXProject.m; sourceTree = "<group>"; };
		A4C610E2229D093700754194 /* PBXTarget.m */ = {isa = PBXFileReference; fileEncoding = 4; lastKnownFileType = sourcecode.c.objc; path = PBXTarget.m; sourceTree = "<group>"; };
		A4C610E3229D093700754194 /* PBXAggregateTarget.h */ = {isa = PBXFileReference; fileEncoding = 4; lastKnownFileType = sourcecode.c.h; path = PBXAggregateTarget.h; sourceTree = "<group>"; };
		A4C610E4229D093700754194 /* PBXNativeTarget.h */ = {isa = PBXFileReference; fileEncoding = 4; lastKnownFileType = sourcecode.c.h; path = PBXNativeTarget.h; sourceTree = "<group>"; };
		A4C610E5229D093700754194 /* PBXTarget.h */ = {isa = PBXFileReference; fileEncoding = 4; lastKnownFileType = sourcecode.c.h; path = PBXTarget.h; sourceTree = "<group>"; };
		A4C610E6229D093700754194 /* PBXNativeTarget.m */ = {isa = PBXFileReference; fileEncoding = 4; lastKnownFileType = sourcecode.c.objc; path = PBXNativeTarget.m; sourceTree = "<group>"; };
		A4C610E7229D093700754194 /* PBXAggregateTarget.m */ = {isa = PBXFileReference; fileEncoding = 4; lastKnownFileType = sourcecode.c.objc; path = PBXAggregateTarget.m; sourceTree = "<group>"; };
		A4C610E8229D093700754194 /* PBXProjParser.m */ = {isa = PBXFileReference; fileEncoding = 4; lastKnownFileType = sourcecode.c.objc; path = PBXProjParser.m; sourceTree = "<group>"; };
		A4C610EA229D093700754194 /* XCConfigurationList.h */ = {isa = PBXFileReference; fileEncoding = 4; lastKnownFileType = sourcecode.c.h; path = XCConfigurationList.h; sourceTree = "<group>"; };
		A4C610EB229D093700754194 /* XCBuildConfiguration.m */ = {isa = PBXFileReference; fileEncoding = 4; lastKnownFileType = sourcecode.c.objc; path = XCBuildConfiguration.m; sourceTree = "<group>"; };
		A4C610EC229D093700754194 /* XCConfigurationList.m */ = {isa = PBXFileReference; fileEncoding = 4; lastKnownFileType = sourcecode.c.objc; path = XCConfigurationList.m; sourceTree = "<group>"; };
		A4C610ED229D093700754194 /* XCBuildConfiguration.h */ = {isa = PBXFileReference; fileEncoding = 4; lastKnownFileType = sourcecode.c.h; path = XCBuildConfiguration.h; sourceTree = "<group>"; };
		A4C610EF229D093700754194 /* PBXGroup.h */ = {isa = PBXFileReference; fileEncoding = 4; lastKnownFileType = sourcecode.c.h; path = PBXGroup.h; sourceTree = "<group>"; };
		A4C610F0229D093700754194 /* PBXVariantGroup.h */ = {isa = PBXFileReference; fileEncoding = 4; lastKnownFileType = sourcecode.c.h; path = PBXVariantGroup.h; sourceTree = "<group>"; };
		A4C610F1229D093700754194 /* PBXFileReference.h */ = {isa = PBXFileReference; fileEncoding = 4; lastKnownFileType = sourcecode.c.h; path = PBXFileReference.h; sourceTree = "<group>"; };
		A4C610F2229D093700754194 /* PBXNavigatorItem.h */ = {isa = PBXFileReference; fileEncoding = 4; lastKnownFileType = sourcecode.c.h; path = PBXNavigatorItem.h; sourceTree = "<group>"; };
		A4C610F3229D093700754194 /* PBXGroup.m */ = {isa = PBXFileReference; fileEncoding = 4; lastKnownFileType = sourcecode.c.objc; path = PBXGroup.m; sourceTree = "<group>"; };
		A4C610F4229D093700754194 /* PBXVariantGroup.m */ = {isa = PBXFileReference; fileEncoding = 4; lastKnownFileType = sourcecode.c.objc; path = PBXVariantGroup.m; sourceTree = "<group>"; };
		A4C610F5229D093700754194 /* PBXNavigatorItem.m */ = {isa = PBXFileReference; fileEncoding = 4; lastKnownFileType = sourcecode.c.objc; path = PBXNavigatorItem.m; sourceTree = "<group>"; };
		A4C610F6229D093700754194 /* PBXFileReference.m */ = {isa = PBXFileReference; fileEncoding = 4; lastKnownFileType = sourcecode.c.objc; path = PBXFileReference.m; sourceTree = "<group>"; };
		A4C610F7229D093700754194 /* PBXObjects.h */ = {isa = PBXFileReference; fileEncoding = 4; lastKnownFileType = sourcecode.c.h; path = PBXObjects.h; sourceTree = "<group>"; };
		A4C610F8229D093700754194 /* PBXObject.h */ = {isa = PBXFileReference; fileEncoding = 4; lastKnownFileType = sourcecode.c.h; path = PBXObject.h; sourceTree = "<group>"; };
		A4C610F9229D093700754194 /* PBXTargetDependency.h */ = {isa = PBXFileReference; fileEncoding = 4; lastKnownFileType = sourcecode.c.h; path = PBXTargetDependency.h; sourceTree = "<group>"; };
		A4C610FA229D093700754194 /* PBXProjectConst.m */ = {isa = PBXFileReference; fileEncoding = 4; lastKnownFileType = sourcecode.c.objc; path = PBXProjectConst.m; sourceTree = "<group>"; };
		A4C610FB229D093700754194 /* PBXContainerItemProxy.m */ = {isa = PBXFileReference; fileEncoding = 4; lastKnownFileType = sourcecode.c.objc; path = PBXContainerItemProxy.m; sourceTree = "<group>"; };
		A4C610FC229D093700754194 /* PBXBuildFile.h */ = {isa = PBXFileReference; fileEncoding = 4; lastKnownFileType = sourcecode.c.h; path = PBXBuildFile.h; sourceTree = "<group>"; };
		A4C610FD229D093700754194 /* PBXCompare.h */ = {isa = PBXFileReference; fileEncoding = 4; lastKnownFileType = sourcecode.c.h; path = PBXCompare.h; sourceTree = "<group>"; };
		A4C610FE229D093700754194 /* PBXProjectManager.h */ = {isa = PBXFileReference; fileEncoding = 4; lastKnownFileType = sourcecode.c.h; path = PBXProjectManager.h; sourceTree = "<group>"; };
		A4C610FF229D093700754194 /* NSDictionary+PBXProjectFormat.m */ = {isa = PBXFileReference; fileEncoding = 4; lastKnownFileType = sourcecode.c.objc; path = "NSDictionary+PBXProjectFormat.m"; sourceTree = "<group>"; };
		A4C61100229D093700754194 /* NSDictionary+PBXProjectFormat.h */ = {isa = PBXFileReference; fileEncoding = 4; lastKnownFileType = sourcecode.c.h; path = "NSDictionary+PBXProjectFormat.h"; sourceTree = "<group>"; };
		A4C61101229D093700754194 /* PBXCompare.m */ = {isa = PBXFileReference; fileEncoding = 4; lastKnownFileType = sourcecode.c.objc; path = PBXCompare.m; sourceTree = "<group>"; };
		A4C6111D229D171E00754194 /* ProfilesNode.m */ = {isa = PBXFileReference; fileEncoding = 4; lastKnownFileType = sourcecode.c.objc; path = ProfilesNode.m; sourceTree = "<group>"; };
		A4C6111E229D171E00754194 /* ProfilesNode.h */ = {isa = PBXFileReference; fileEncoding = 4; lastKnownFileType = sourcecode.c.h; path = ProfilesNode.h; sourceTree = "<group>"; };
		A4C61123229D176100754194 /* DateManager.m */ = {isa = PBXFileReference; fileEncoding = 4; lastKnownFileType = sourcecode.c.objc; path = DateManager.m; sourceTree = "<group>"; };
		A4C61124229D176100754194 /* DateManager.h */ = {isa = PBXFileReference; fileEncoding = 4; lastKnownFileType = sourcecode.c.h; path = DateManager.h; sourceTree = "<group>"; };
		A4C61127229D1B6200754194 /* NSData+JKBase64.m */ = {isa = PBXFileReference; fileEncoding = 4; lastKnownFileType = sourcecode.c.objc; path = "NSData+JKBase64.m"; sourceTree = "<group>"; };
		A4C61128229D1B6200754194 /* NSData+JKBase64.h */ = {isa = PBXFileReference; fileEncoding = 4; lastKnownFileType = sourcecode.c.h; path = "NSData+JKBase64.h"; sourceTree = "<group>"; };
		A4C6112F229D217500754194 /* XQMobileprovision.h */ = {isa = PBXFileReference; lastKnownFileType = sourcecode.c.h; path = XQMobileprovision.h; sourceTree = "<group>"; };
		A4C61130229D217500754194 /* XQMobileprovision.m */ = {isa = PBXFileReference; lastKnownFileType = sourcecode.c.objc; path = XQMobileprovision.m; sourceTree = "<group>"; };
		A4C61132229D21E700754194 /* XQMobileprovisionModel.h */ = {isa = PBXFileReference; lastKnownFileType = sourcecode.c.h; path = XQMobileprovisionModel.h; sourceTree = "<group>"; };
		A4C61133229D21E700754194 /* XQMobileprovisionModel.m */ = {isa = PBXFileReference; lastKnownFileType = sourcecode.c.objc; path = XQMobileprovisionModel.m; sourceTree = "<group>"; };
		A4C61135229D22BD00754194 /* XQEntitlementsModel.h */ = {isa = PBXFileReference; lastKnownFileType = sourcecode.c.h; path = XQEntitlementsModel.h; sourceTree = "<group>"; };
		A4C61136229D22BD00754194 /* XQEntitlementsModel.m */ = {isa = PBXFileReference; lastKnownFileType = sourcecode.c.objc; path = XQEntitlementsModel.m; sourceTree = "<group>"; };
		A4D13509229FBC8100609D2E /* XQTestScrollViewVC.h */ = {isa = PBXFileReference; lastKnownFileType = sourcecode.c.h; path = XQTestScrollViewVC.h; sourceTree = "<group>"; };
		A4D1350A229FBC8100609D2E /* XQTestScrollViewVC.m */ = {isa = PBXFileReference; lastKnownFileType = sourcecode.c.objc; path = XQTestScrollViewVC.m; sourceTree = "<group>"; };
		A4D1350B229FBC8100609D2E /* XQTestScrollViewVC.xib */ = {isa = PBXFileReference; lastKnownFileType = file.xib; path = XQTestScrollViewVC.xib; sourceTree = "<group>"; };
		A4D13514229FDC1800609D2E /* XQEditView.h */ = {isa = PBXFileReference; lastKnownFileType = sourcecode.c.h; path = XQEditView.h; sourceTree = "<group>"; };
		A4D13515229FDC1800609D2E /* XQEditView.m */ = {isa = PBXFileReference; lastKnownFileType = sourcecode.c.objc; path = XQEditView.m; sourceTree = "<group>"; };
		A4D13517229FDEAA00609D2E /* XQEditMobileprovisionView.h */ = {isa = PBXFileReference; lastKnownFileType = sourcecode.c.h; path = XQEditMobileprovisionView.h; sourceTree = "<group>"; };
		A4D13518229FDEAA00609D2E /* XQEditMobileprovisionView.m */ = {isa = PBXFileReference; lastKnownFileType = sourcecode.c.objc; path = XQEditMobileprovisionView.m; sourceTree = "<group>"; };
		A4E7DA2C22A0D16100A76788 /* NSViewController+XQLoadView.h */ = {isa = PBXFileReference; lastKnownFileType = sourcecode.c.h; path = "NSViewController+XQLoadView.h"; sourceTree = "<group>"; };
		A4E7DA2D22A0D16100A76788 /* NSViewController+XQLoadView.m */ = {isa = PBXFileReference; lastKnownFileType = sourcecode.c.objc; path = "NSViewController+XQLoadView.m"; sourceTree = "<group>"; };
		A4E7DA2F22A0DB9900A76788 /* XQEditVC.xib */ = {isa = PBXFileReference; fileEncoding = 4; lastKnownFileType = file.xib; path = XQEditVC.xib; sourceTree = "<group>"; };
		A4E7DA3222A0DC1300A76788 /* XQLabel.h */ = {isa = PBXFileReference; lastKnownFileType = sourcecode.c.h; path = XQLabel.h; sourceTree = "<group>"; };
		A4E7DA3322A0DC1300A76788 /* XQLabel.m */ = {isa = PBXFileReference; lastKnownFileType = sourcecode.c.objc; path = XQLabel.m; sourceTree = "<group>"; };
		A4E86835229E2C24008BBB73 /* XQArchivePlistModel.h */ = {isa = PBXFileReference; lastKnownFileType = sourcecode.c.h; name = XQArchivePlistModel.h; path = XQArchiveProject/HomePage/Model/XQArchivePlistModel.h; sourceTree = SOURCE_ROOT; };
		A4E86836229E2C24008BBB73 /* XQArchivePlistModel.m */ = {isa = PBXFileReference; lastKnownFileType = sourcecode.c.objc; name = XQArchivePlistModel.m; path = XQArchiveProject/HomePage/Model/XQArchivePlistModel.m; sourceTree = SOURCE_ROOT; };
		A4E8683D229E4C32008BBB73 /* XQArchiveProjectModel.h */ = {isa = PBXFileReference; lastKnownFileType = sourcecode.c.h; path = XQArchiveProjectModel.h; sourceTree = "<group>"; };
		A4E8683E229E4C32008BBB73 /* XQArchiveProjectModel.m */ = {isa = PBXFileReference; lastKnownFileType = sourcecode.c.objc; path = XQArchiveProjectModel.m; sourceTree = "<group>"; };
		A4E86840229E4DD6008BBB73 /* XQArchiveModel.h */ = {isa = PBXFileReference; lastKnownFileType = sourcecode.c.h; path = XQArchiveModel.h; sourceTree = "<group>"; };
		A4E86841229E4DD6008BBB73 /* XQArchiveModel.m */ = {isa = PBXFileReference; lastKnownFileType = sourcecode.c.objc; path = XQArchiveModel.m; sourceTree = "<group>"; };
		A7CCBE2F9B3E35C347F0330B /* Pods-XQArchiveProject.release.xcconfig */ = {isa = PBXFileReference; includeInIndex = 1; lastKnownFileType = text.xcconfig; name = "Pods-XQArchiveProject.release.xcconfig"; path = "Target Support Files/Pods-XQArchiveProject/Pods-XQArchiveProject.release.xcconfig"; sourceTree = "<group>"; };
		CBEDB81EE7C4FC051CE94F32 /* Pods-XQArchiveProject.debug.xcconfig */ = {isa = PBXFileReference; includeInIndex = 1; lastKnownFileType = text.xcconfig; name = "Pods-XQArchiveProject.debug.xcconfig"; path = "Target Support Files/Pods-XQArchiveProject/Pods-XQArchiveProject.debug.xcconfig"; sourceTree = "<group>"; };
/* End PBXFileReference section */

/* Begin PBXFrameworksBuildPhase section */
		A4968C46228E8610004ED08A /* Frameworks */ = {
			isa = PBXFrameworksBuildPhase;
			buildActionMask = 2147483647;
			files = (
				D08AA9E563963EB56EDAC1C7 /* Pods_XQArchiveProject.framework in Frameworks */,
			);
			runOnlyForDeploymentPostprocessing = 0;
		};
/* End PBXFrameworksBuildPhase section */

/* Begin PBXGroup section */
		A487B9B2229BB0310013686F /* HomePage */ = {
			isa = PBXGroup;
			children = (
				A487B9DD229BE7900013686F /* Ctl */,
				A487B9DB229BE77F0013686F /* View */,
				A487B9DC229BE78B0013686F /* Model */,
			);
			path = HomePage;
			sourceTree = "<group>";
		};
		A487B9B3229BB0410013686F /* Tool */ = {
			isa = PBXGroup;
			children = (
				A4E7DA3122A0DC0500A76788 /* XQLabel */,
				A4C6111C229D170C00754194 /* ProfilesNode */,
				A4C610CB229D093700754194 /* PBXProjectManager */,
				A4E7DA2C22A0D16100A76788 /* NSViewController+XQLoadView.h */,
				A4E7DA2D22A0D16100A76788 /* NSViewController+XQLoadView.m */,
			);
			path = Tool;
			sourceTree = "<group>";
		};
		A487B9BC229BC66A0013686F /* Edit */ = {
			isa = PBXGroup;
			children = (
				A487B9BD229BC67F0013686F /* XQEditVC.h */,
				A487B9BE229BC67F0013686F /* XQEditVC.m */,
				A4D13514229FDC1800609D2E /* XQEditView.h */,
				A4D13515229FDC1800609D2E /* XQEditView.m */,
				A4E7DA2F22A0DB9900A76788 /* XQEditVC.xib */,
				A4D13517229FDEAA00609D2E /* XQEditMobileprovisionView.h */,
				A4D13518229FDEAA00609D2E /* XQEditMobileprovisionView.m */,
			);
			path = Edit;
			sourceTree = "<group>";
		};
		A487B9C7229BE0FF0013686F /* XQShell */ = {
			isa = PBXGroup;
			children = (
				A487B9C8229BE0FF0013686F /* xq_xcode.sh */,
				A487B9C9229BE0FF0013686F /* xq_plist.sh */,
				A487B9CA229BE0FF0013686F /* test */,
				A487B9CC229BE0FF0013686F /* xq_upload.sh */,
				A487B9CD229BE0FF0013686F /* xq_shell.sh */,
				A487B9CF229BE0FF0013686F /* xq_archive.sh */,
				A487B9D0229BE0FF0013686F /* xq_bugly.sh */,
			);
			path = XQShell;
			sourceTree = "<group>";
		};
		A487B9CA229BE0FF0013686F /* test */ = {
			isa = PBXGroup;
			children = (
				A487B9CB229BE0FF0013686F /* xq_test.sh */,
			);
			path = test;
			sourceTree = "<group>";
		};
		A487B9DB229BE77F0013686F /* View */ = {
			isa = PBXGroup;
			children = (
				A487B9B7229BBA240013686F /* XQHomePageItem.h */,
				A487B9B8229BBA240013686F /* XQHomePageItem.m */,
				A487B9B9229BBA240013686F /* XQHomePageItem.xib */,
				A487B9C2229BC71C0013686F /* XQHomePageAddItem.h */,
				A487B9C3229BC71C0013686F /* XQHomePageAddItem.m */,
				A487B9C4229BC71C0013686F /* XQHomePageAddItem.xib */,
			);
			path = View;
			sourceTree = "<group>";
		};
		A487B9DC229BE78B0013686F /* Model */ = {
			isa = PBXGroup;
			children = (
				A487B9B4229BB0860013686F /* XQArchiveConfigModel.h */,
				A487B9B5229BB0860013686F /* XQArchiveConfigModel.m */,
				A4E86840229E4DD6008BBB73 /* XQArchiveModel.h */,
				A4E86841229E4DD6008BBB73 /* XQArchiveModel.m */,
				A4E86835229E2C24008BBB73 /* XQArchivePlistModel.h */,
				A4E86836229E2C24008BBB73 /* XQArchivePlistModel.m */,
				A4E8683D229E4C32008BBB73 /* XQArchiveProjectModel.h */,
				A4E8683E229E4C32008BBB73 /* XQArchiveProjectModel.m */,
				A4C6112E229D216A00754194 /* XQMobileprovision */,
			);
			path = Model;
			sourceTree = "<group>";
		};
		A487B9DD229BE7900013686F /* Ctl */ = {
			isa = PBXGroup;
			children = (
				A4968C4F228E8610004ED08A /* ViewController.h */,
				A4968C50228E8610004ED08A /* ViewController.m */,
			);
			path = Ctl;
			sourceTree = "<group>";
		};
		A4968C40228E8610004ED08A = {
			isa = PBXGroup;
			children = (
				A4968C4B228E8610004ED08A /* XQArchiveProject */,
				A4968C4A228E8610004ED08A /* Products */,
				E2CE4F69A6FFE96C9BD0307D /* Pods */,
				C23DE508D5B6DFA1BF61CA43 /* Frameworks */,
			);
			sourceTree = "<group>";
		};
		A4968C4A228E8610004ED08A /* Products */ = {
			isa = PBXGroup;
			children = (
				A4968C49228E8610004ED08A /* XQArchiveProject.app */,
			);
			name = Products;
			sourceTree = "<group>";
		};
		A4968C4B228E8610004ED08A /* XQArchiveProject */ = {
			isa = PBXGroup;
			children = (
				A4968C4C228E8610004ED08A /* AppDelegate.h */,
				A4968C4D228E8610004ED08A /* AppDelegate.m */,
				A487B9C7229BE0FF0013686F /* XQShell */,
				A487B9BC229BC66A0013686F /* Edit */,
				A487B9B3229BB0410013686F /* Tool */,
				A487B9B2229BB0310013686F /* HomePage */,
				A4968C68228E8786004ED08A /* XQTestVC */,
				A4968C52228E8611004ED08A /* Assets.xcassets */,
				A4968C54228E8611004ED08A /* Main.storyboard */,
				A4968C57228E8611004ED08A /* Info.plist */,
				A4968C58228E8611004ED08A /* main.m */,
				A4968C5A228E8611004ED08A /* XQArchiveProject.entitlements */,
			);
			path = XQArchiveProject;
			sourceTree = "<group>";
		};
		A4968C68228E8786004ED08A /* XQTestVC */ = {
			isa = PBXGroup;
			children = (
				A4968C69228E879C004ED08A /* XQTestVC.h */,
				A4968C6A228E879C004ED08A /* XQTestVC.m */,
				A4968C6B228E879C004ED08A /* XQTestVC.xib */,
				A4D13509229FBC8100609D2E /* XQTestScrollViewVC.h */,
				A4D1350A229FBC8100609D2E /* XQTestScrollViewVC.m */,
				A4D1350B229FBC8100609D2E /* XQTestScrollViewVC.xib */,
			);
			path = XQTestVC;
			sourceTree = "<group>";
		};
		A4C610CB229D093700754194 /* PBXProjectManager */ = {
			isa = PBXGroup;
			children = (
				A4C61100229D093700754194 /* NSDictionary+PBXProjectFormat.h */,
				A4C610FF229D093700754194 /* NSDictionary+PBXProjectFormat.m */,
				A4C610FD229D093700754194 /* PBXCompare.h */,
				A4C61101229D093700754194 /* PBXCompare.m */,
				A4C610FE229D093700754194 /* PBXProjectManager.h */,
				A4C610CC229D093700754194 /* PBXProjParser */,
			);
			path = PBXProjectManager;
			sourceTree = "<group>";
		};
		A4C610CC229D093700754194 /* PBXProjParser */ = {
			isa = PBXGroup;
			children = (
				A4C610FC229D093700754194 /* PBXBuildFile.h */,
				A4C610D1229D093700754194 /* PBXBuildFile.m */,
				A4C610D4229D093700754194 /* PBXBuildPhases */,
				A4C610D2229D093700754194 /* PBXContainerItemProxy.h */,
				A4C610FB229D093700754194 /* PBXContainerItemProxy.m */,
				A4C610EE229D093700754194 /* PBXNavigatorItem */,
				A4C610F8229D093700754194 /* PBXObject.h */,
				A4C610D0229D093700754194 /* PBXObject.m */,
				A4C610F7229D093700754194 /* PBXObjects.h */,
				A4C610CE229D093700754194 /* PBXObjects.m */,
				A4C610CD229D093700754194 /* PBXProject.h */,
				A4C610E0229D093700754194 /* PBXProject.m */,
				A4C610D3229D093700754194 /* PBXProjectConst.h */,
				A4C610FA229D093700754194 /* PBXProjectConst.m */,
				A4C610CF229D093700754194 /* PBXProjParser.h */,
				A4C610E8229D093700754194 /* PBXProjParser.m */,
				A4C610E1229D093700754194 /* PBXTarget */,
				A4C610F9229D093700754194 /* PBXTargetDependency.h */,
				A4C610DF229D093700754194 /* PBXTargetDependency.m */,
				A4C610E9229D093700754194 /* XCBuildConfiguration */,
			);
			path = PBXProjParser;
			sourceTree = "<group>";
		};
		A4C610D4229D093700754194 /* PBXBuildPhases */ = {
			isa = PBXGroup;
			children = (
				A4C610DE229D093700754194 /* PBXBuildPhases.h */,
				A4C610D9229D093700754194 /* PBXBuildPhases.m */,
				A4C610D7229D093700754194 /* PBXFrameworksBuildPhase.h */,
				A4C610DC229D093700754194 /* PBXFrameworksBuildPhase.m */,
				A4C610D8229D093700754194 /* PBXResourcesBuildPhase.h */,
				A4C610DD229D093700754194 /* PBXResourcesBuildPhase.m */,
				A4C610DB229D093700754194 /* PBXShellScriptBuildPhase.h */,
				A4C610D5229D093700754194 /* PBXShellScriptBuildPhase.m */,
				A4C610D6229D093700754194 /* PBXSourcesBuildPhase.h */,
				A4C610DA229D093700754194 /* PBXSourcesBuildPhase.m */,
			);
			path = PBXBuildPhases;
			sourceTree = "<group>";
		};
		A4C610E1229D093700754194 /* PBXTarget */ = {
			isa = PBXGroup;
			children = (
				A4C610E2229D093700754194 /* PBXTarget.m */,
				A4C610E3229D093700754194 /* PBXAggregateTarget.h */,
				A4C610E4229D093700754194 /* PBXNativeTarget.h */,
				A4C610E5229D093700754194 /* PBXTarget.h */,
				A4C610E6229D093700754194 /* PBXNativeTarget.m */,
				A4C610E7229D093700754194 /* PBXAggregateTarget.m */,
			);
			path = PBXTarget;
			sourceTree = "<group>";
		};
		A4C610E9229D093700754194 /* XCBuildConfiguration */ = {
			isa = PBXGroup;
			children = (
				A4C610EA229D093700754194 /* XCConfigurationList.h */,
				A4C610EB229D093700754194 /* XCBuildConfiguration.m */,
				A4C610EC229D093700754194 /* XCConfigurationList.m */,
				A4C610ED229D093700754194 /* XCBuildConfiguration.h */,
			);
			path = XCBuildConfiguration;
			sourceTree = "<group>";
		};
		A4C610EE229D093700754194 /* PBXNavigatorItem */ = {
			isa = PBXGroup;
			children = (
				A4C610EF229D093700754194 /* PBXGroup.h */,
				A4C610F0229D093700754194 /* PBXVariantGroup.h */,
				A4C610F1229D093700754194 /* PBXFileReference.h */,
				A4C610F2229D093700754194 /* PBXNavigatorItem.h */,
				A4C610F3229D093700754194 /* PBXGroup.m */,
				A4C610F4229D093700754194 /* PBXVariantGroup.m */,
				A4C610F5229D093700754194 /* PBXNavigatorItem.m */,
				A4C610F6229D093700754194 /* PBXFileReference.m */,
			);
			path = PBXNavigatorItem;
			sourceTree = "<group>";
		};
		A4C6111C229D170C00754194 /* ProfilesNode */ = {
			isa = PBXGroup;
			children = (
				A4C6111E229D171E00754194 /* ProfilesNode.h */,
				A4C6111D229D171E00754194 /* ProfilesNode.m */,
				A4C61128229D1B6200754194 /* NSData+JKBase64.h */,
				A4C61127229D1B6200754194 /* NSData+JKBase64.m */,
				A4C61122229D176100754194 /* DateManager */,
			);
			path = ProfilesNode;
			sourceTree = "<group>";
		};
		A4C61122229D176100754194 /* DateManager */ = {
			isa = PBXGroup;
			children = (
				A4C61123229D176100754194 /* DateManager.m */,
				A4C61124229D176100754194 /* DateManager.h */,
			);
			path = DateManager;
			sourceTree = "<group>";
		};
		A4C6112E229D216A00754194 /* XQMobileprovision */ = {
			isa = PBXGroup;
			children = (
				A4C6112F229D217500754194 /* XQMobileprovision.h */,
				A4C61130229D217500754194 /* XQMobileprovision.m */,
				A4C61132229D21E700754194 /* XQMobileprovisionModel.h */,
				A4C61133229D21E700754194 /* XQMobileprovisionModel.m */,
				A4C61135229D22BD00754194 /* XQEntitlementsModel.h */,
				A4C61136229D22BD00754194 /* XQEntitlementsModel.m */,
			);
			path = XQMobileprovision;
			sourceTree = "<group>";
		};
		A4E7DA3122A0DC0500A76788 /* XQLabel */ = {
			isa = PBXGroup;
			children = (
				A4E7DA3222A0DC1300A76788 /* XQLabel.h */,
				A4E7DA3322A0DC1300A76788 /* XQLabel.m */,
			);
			path = XQLabel;
			sourceTree = "<group>";
		};
		C23DE508D5B6DFA1BF61CA43 /* Frameworks */ = {
			isa = PBXGroup;
			children = (
				3A5C957ABF6B3F1D01513534 /* Pods_XQArchiveProject.framework */,
			);
			name = Frameworks;
			sourceTree = "<group>";
		};
		E2CE4F69A6FFE96C9BD0307D /* Pods */ = {
			isa = PBXGroup;
			children = (
				CBEDB81EE7C4FC051CE94F32 /* Pods-XQArchiveProject.debug.xcconfig */,
				A7CCBE2F9B3E35C347F0330B /* Pods-XQArchiveProject.release.xcconfig */,
			);
			path = Pods;
			sourceTree = "<group>";
		};
/* End PBXGroup section */

/* Begin PBXNativeTarget section */
		A4968C48228E8610004ED08A /* XQArchiveProject */ = {
			isa = PBXNativeTarget;
			buildConfigurationList = A4968C5D228E8611004ED08A /* Build configuration list for PBXNativeTarget "XQArchiveProject" */;
			buildPhases = (
				7BCF7BB6E1E4ECB1F4980501 /* [CP] Check Pods Manifest.lock */,
				A4968C45228E8610004ED08A /* Sources */,
				A4968C46228E8610004ED08A /* Frameworks */,
				A4968C47228E8610004ED08A /* Resources */,
				C5F591CC9FA2B59FEFEAC448 /* [CP] Embed Pods Frameworks */,
			);
			buildRules = (
			);
			dependencies = (
			);
			name = XQArchiveProject;
			productName = XQArchiveProject;
			productReference = A4968C49228E8610004ED08A /* XQArchiveProject.app */;
			productType = "com.apple.product-type.application";
		};
/* End PBXNativeTarget section */

/* Begin PBXProject section */
		A4968C41228E8610004ED08A /* Project object */ = {
			isa = PBXProject;
			attributes = {
				LastUpgradeCheck = 1020;
				ORGANIZATIONNAME = WXQ;
				TargetAttributes = {
					A4968C48228E8610004ED08A = {
						CreatedOnToolsVersion = 10.2.1;
						SystemCapabilities = {
							com.apple.Sandbox = {
								enabled = 1;
							};
						};
					};
				};
			};
			buildConfigurationList = A4968C44228E8610004ED08A /* Build configuration list for PBXProject "XQArchiveProject" */;
			compatibilityVersion = "Xcode 9.3";
			developmentRegion = en;
			hasScannedForEncodings = 0;
			knownRegions = (
				en,
				Base,
			);
			mainGroup = A4968C40228E8610004ED08A;
			productRefGroup = A4968C4A228E8610004ED08A /* Products */;
			projectDirPath = "";
			projectRoot = "";
			targets = (
				A4968C48228E8610004ED08A /* XQArchiveProject */,
			);
		};
/* End PBXProject section */

/* Begin PBXResourcesBuildPhase section */
		A4968C47228E8610004ED08A /* Resources */ = {
			isa = PBXResourcesBuildPhase;
			buildActionMask = 2147483647;
			files = (
				A487B9D3229BE0FF0013686F /* xq_plist.sh in Resources */,
				A487B9D8229BE0FF0013686F /* xq_archive.sh in Resources */,
				A487B9D4229BE0FF0013686F /* xq_test.sh in Resources */,
				A487B9C6229BC71C0013686F /* XQHomePageAddItem.xib in Resources */,
				A4D1350D229FBC8100609D2E /* XQTestScrollViewVC.xib in Resources */,
				A487B9D6229BE0FF0013686F /* xq_shell.sh in Resources */,
				A487B9D2229BE0FF0013686F /* xq_xcode.sh in Resources */,
				A4968C53228E8611004ED08A /* Assets.xcassets in Resources */,
				A487B9D9229BE0FF0013686F /* xq_bugly.sh in Resources */,
				A487B9BB229BBA240013686F /* XQHomePageItem.xib in Resources */,
				A4968C6D228E879C004ED08A /* XQTestVC.xib in Resources */,
				A4E7DA3022A0DB9900A76788 /* XQEditVC.xib in Resources */,
				A487B9D5229BE0FF0013686F /* xq_upload.sh in Resources */,
				A4968C56228E8611004ED08A /* Main.storyboard in Resources */,
			);
			runOnlyForDeploymentPostprocessing = 0;
		};
/* End PBXResourcesBuildPhase section */

/* Begin PBXShellScriptBuildPhase section */
		7BCF7BB6E1E4ECB1F4980501 /* [CP] Check Pods Manifest.lock */ = {
			isa = PBXShellScriptBuildPhase;
			buildActionMask = 2147483647;
			files = (
			);
			inputFileListPaths = (
			);
			inputPaths = (
				"${PODS_PODFILE_DIR_PATH}/Podfile.lock",
				"${PODS_ROOT}/Manifest.lock",
			);
			name = "[CP] Check Pods Manifest.lock";
			outputFileListPaths = (
			);
			outputPaths = (
				"$(DERIVED_FILE_DIR)/Pods-XQArchiveProject-checkManifestLockResult.txt",
			);
			runOnlyForDeploymentPostprocessing = 0;
			shellPath = /bin/sh;
			shellScript = "diff \"${PODS_PODFILE_DIR_PATH}/Podfile.lock\" \"${PODS_ROOT}/Manifest.lock\" > /dev/null\nif [ $? != 0 ] ; then\n    # print error to STDERR\n    echo \"error: The sandbox is not in sync with the Podfile.lock. Run 'pod install' or update your CocoaPods installation.\" >&2\n    exit 1\nfi\n# This output is used by Xcode 'outputs' to avoid re-running this script phase.\necho \"SUCCESS\" > \"${SCRIPT_OUTPUT_FILE_0}\"\n";
			showEnvVarsInLog = 0;
		};
		C5F591CC9FA2B59FEFEAC448 /* [CP] Embed Pods Frameworks */ = {
			isa = PBXShellScriptBuildPhase;
			buildActionMask = 2147483647;
			files = (
			);
			inputFileListPaths = (
			);
			inputPaths = (
				"${PODS_ROOT}/Target Support Files/Pods-XQArchiveProject/Pods-XQArchiveProject-frameworks.sh",
				"${BUILT_PRODUCTS_DIR}/Masonry/Masonry.framework",
				"${BUILT_PRODUCTS_DIR}/XQProjectTool/XQProjectTool.framework",
				"${BUILT_PRODUCTS_DIR}/YYModel/YYModel.framework",
			);
			name = "[CP] Embed Pods Frameworks";
			outputFileListPaths = (
			);
			outputPaths = (
				"${TARGET_BUILD_DIR}/${FRAMEWORKS_FOLDER_PATH}/Masonry.framework",
				"${TARGET_BUILD_DIR}/${FRAMEWORKS_FOLDER_PATH}/XQProjectTool.framework",
				"${TARGET_BUILD_DIR}/${FRAMEWORKS_FOLDER_PATH}/YYModel.framework",
			);
			runOnlyForDeploymentPostprocessing = 0;
			shellPath = /bin/sh;
			shellScript = "\"${PODS_ROOT}/Target Support Files/Pods-XQArchiveProject/Pods-XQArchiveProject-frameworks.sh\"\n";
			showEnvVarsInLog = 0;
		};
/* End PBXShellScriptBuildPhase section */

/* Begin PBXSourcesBuildPhase section */
		A4968C45228E8610004ED08A /* Sources */ = {
			isa = PBXSourcesBuildPhase;
			buildActionMask = 2147483647;
			files = (
				A4C61105229D093700754194 /* PBXBuildFile.m in Sources */,
				A4C61106229D093700754194 /* PBXShellScriptBuildPhase.m in Sources */,
				A4C61111229D093700754194 /* XCBuildConfiguration.m in Sources */,
				A4C61110229D093700754194 /* PBXProjParser.m in Sources */,
				A4968C6C228E879C004ED08A /* XQTestVC.m in Sources */,
				A4C6111F229D171E00754194 /* ProfilesNode.m in Sources */,
				A487B9BA229BBA240013686F /* XQHomePageItem.m in Sources */,
				A487B9B6229BB0860013686F /* XQArchiveConfigModel.m in Sources */,
				A4C61112229D093700754194 /* XCConfigurationList.m in Sources */,
				A4C61118229D093800754194 /* PBXContainerItemProxy.m in Sources */,
				A4968C51228E8610004ED08A /* ViewController.m in Sources */,
				A4C61134229D21E700754194 /* XQMobileprovisionModel.m in Sources */,
				A4C6110B229D093700754194 /* PBXTargetDependency.m in Sources */,
				A4D1350C229FBC8100609D2E /* XQTestScrollViewVC.m in Sources */,
				A4E7DA3422A0DC1300A76788 /* XQLabel.m in Sources */,
				A4968C59228E8611004ED08A /* main.m in Sources */,
				A4C61107229D093700754194 /* PBXBuildPhases.m in Sources */,
				A4C61115229D093700754194 /* PBXNavigatorItem.m in Sources */,
				A4C61137229D22BD00754194 /* XQEntitlementsModel.m in Sources */,
				A4C61129229D1B6200754194 /* NSData+JKBase64.m in Sources */,
				A4E86837229E2C24008BBB73 /* XQArchivePlistModel.m in Sources */,
				A4C61119229D093800754194 /* NSDictionary+PBXProjectFormat.m in Sources */,
				A4C61126229D176100754194 /* DateManager.m in Sources */,
				A4E8683F229E4C32008BBB73 /* XQArchiveProjectModel.m in Sources */,
				A487B9C5229BC71C0013686F /* XQHomePageAddItem.m in Sources */,
				A4E86842229E4DD6008BBB73 /* XQArchiveModel.m in Sources */,
				A4C61131229D217500754194 /* XQMobileprovision.m in Sources */,
				A4C6110C229D093700754194 /* PBXProject.m in Sources */,
				A4C6110A229D093700754194 /* PBXResourcesBuildPhase.m in Sources */,
				A4C61103229D093700754194 /* PBXObjects.m in Sources */,
				A4C6110D229D093700754194 /* PBXTarget.m in Sources */,
				A4C61116229D093700754194 /* PBXFileReference.m in Sources */,
				A4C61113229D093700754194 /* PBXGroup.m in Sources */,
				A4C61108229D093700754194 /* PBXSourcesBuildPhase.m in Sources */,
				A4C61109229D093700754194 /* PBXFrameworksBuildPhase.m in Sources */,
				A4E7DA2E22A0D16100A76788 /* NSViewController+XQLoadView.m in Sources */,
				A4C6111A229D093800754194 /* PBXCompare.m in Sources */,
				A4C6110F229D093700754194 /* PBXAggregateTarget.m in Sources */,
				A4C6110E229D093700754194 /* PBXNativeTarget.m in Sources */,
				A4C61104229D093700754194 /* PBXObject.m in Sources */,
				A4C61117229D093800754194 /* PBXProjectConst.m in Sources */,
				A4968C4E228E8610004ED08A /* AppDelegate.m in Sources */,
				A4D13516229FDC1800609D2E /* XQEditView.m in Sources */,
				A4D13519229FDEAA00609D2E /* XQEditMobileprovisionView.m in Sources */,
				A4C61114229D093700754194 /* PBXVariantGroup.m in Sources */,
				A487B9C0229BC67F0013686F /* XQEditVC.m in Sources */,
			);
			runOnlyForDeploymentPostprocessing = 0;
		};
/* End PBXSourcesBuildPhase section */

/* Begin PBXVariantGroup section */
		A4968C54228E8611004ED08A /* Main.storyboard */ = {
			isa = PBXVariantGroup;
			children = (
				A4968C55228E8611004ED08A /* Base */,
			);
			name = Main.storyboard;
			sourceTree = "<group>";
		};
/* End PBXVariantGroup section */

/* Begin XCBuildConfiguration section */
		A4968C5B228E8611004ED08A /* Debug */ = {
			isa = XCBuildConfiguration;
			buildSettings = {
				ALWAYS_SEARCH_USER_PATHS = NO;
				CLANG_ANALYZER_NONNULL = YES;
				CLANG_ANALYZER_NUMBER_OBJECT_CONVERSION = YES_AGGRESSIVE;
				CLANG_CXX_LANGUAGE_STANDARD = "gnu++14";
				CLANG_CXX_LIBRARY = "libc++";
				CLANG_ENABLE_MODULES = YES;
				CLANG_ENABLE_OBJC_ARC = YES;
				CLANG_ENABLE_OBJC_WEAK = YES;
				CLANG_WARN_BLOCK_CAPTURE_AUTORELEASING = YES;
				CLANG_WARN_BOOL_CONVERSION = YES;
				CLANG_WARN_COMMA = YES;
				CLANG_WARN_CONSTANT_CONVERSION = YES;
				CLANG_WARN_DEPRECATED_OBJC_IMPLEMENTATIONS = YES;
				CLANG_WARN_DIRECT_OBJC_ISA_USAGE = YES_ERROR;
				CLANG_WARN_DOCUMENTATION_COMMENTS = YES;
				CLANG_WARN_EMPTY_BODY = YES;
				CLANG_WARN_ENUM_CONVERSION = YES;
				CLANG_WARN_INFINITE_RECURSION = YES;
				CLANG_WARN_INT_CONVERSION = YES;
				CLANG_WARN_NON_LITERAL_NULL_CONVERSION = YES;
				CLANG_WARN_OBJC_IMPLICIT_RETAIN_SELF = YES;
				CLANG_WARN_OBJC_LITERAL_CONVERSION = YES;
				CLANG_WARN_OBJC_ROOT_CLASS = YES_ERROR;
				CLANG_WARN_RANGE_LOOP_ANALYSIS = YES;
				CLANG_WARN_STRICT_PROTOTYPES = YES;
				CLANG_WARN_SUSPICIOUS_MOVE = YES;
				CLANG_WARN_UNGUARDED_AVAILABILITY = YES_AGGRESSIVE;
				CLANG_WARN_UNREACHABLE_CODE = YES;
				CLANG_WARN__DUPLICATE_METHOD_MATCH = YES;
				CODE_SIGN_IDENTITY = "Mac Developer";
				COPY_PHASE_STRIP = NO;
				DEBUG_INFORMATION_FORMAT = dwarf;
				ENABLE_STRICT_OBJC_MSGSEND = YES;
				ENABLE_TESTABILITY = YES;
				GCC_C_LANGUAGE_STANDARD = gnu11;
				GCC_DYNAMIC_NO_PIC = NO;
				GCC_NO_COMMON_BLOCKS = YES;
				GCC_OPTIMIZATION_LEVEL = 0;
				GCC_PREPROCESSOR_DEFINITIONS = (
					"DEBUG=1",
					"$(inherited)",
				);
				GCC_WARN_64_TO_32_BIT_CONVERSION = YES;
				GCC_WARN_ABOUT_RETURN_TYPE = YES_ERROR;
				GCC_WARN_UNDECLARED_SELECTOR = YES;
				GCC_WARN_UNINITIALIZED_AUTOS = YES_AGGRESSIVE;
				GCC_WARN_UNUSED_FUNCTION = YES;
				GCC_WARN_UNUSED_VARIABLE = YES;
				MACOSX_DEPLOYMENT_TARGET = 10.14;
				MTL_ENABLE_DEBUG_INFO = INCLUDE_SOURCE;
				MTL_FAST_MATH = YES;
				ONLY_ACTIVE_ARCH = YES;
				SDKROOT = macosx;
			};
			name = Debug;
		};
		A4968C5C228E8611004ED08A /* Release */ = {
			isa = XCBuildConfiguration;
			buildSettings = {
				ALWAYS_SEARCH_USER_PATHS = NO;
				CLANG_ANALYZER_NONNULL = YES;
				CLANG_ANALYZER_NUMBER_OBJECT_CONVERSION = YES_AGGRESSIVE;
				CLANG_CXX_LANGUAGE_STANDARD = "gnu++14";
				CLANG_CXX_LIBRARY = "libc++";
				CLANG_ENABLE_MODULES = YES;
				CLANG_ENABLE_OBJC_ARC = YES;
				CLANG_ENABLE_OBJC_WEAK = YES;
				CLANG_WARN_BLOCK_CAPTURE_AUTORELEASING = YES;
				CLANG_WARN_BOOL_CONVERSION = YES;
				CLANG_WARN_COMMA = YES;
				CLANG_WARN_CONSTANT_CONVERSION = YES;
				CLANG_WARN_DEPRECATED_OBJC_IMPLEMENTATIONS = YES;
				CLANG_WARN_DIRECT_OBJC_ISA_USAGE = YES_ERROR;
				CLANG_WARN_DOCUMENTATION_COMMENTS = YES;
				CLANG_WARN_EMPTY_BODY = YES;
				CLANG_WARN_ENUM_CONVERSION = YES;
				CLANG_WARN_INFINITE_RECURSION = YES;
				CLANG_WARN_INT_CONVERSION = YES;
				CLANG_WARN_NON_LITERAL_NULL_CONVERSION = YES;
				CLANG_WARN_OBJC_IMPLICIT_RETAIN_SELF = YES;
				CLANG_WARN_OBJC_LITERAL_CONVERSION = YES;
				CLANG_WARN_OBJC_ROOT_CLASS = YES_ERROR;
				CLANG_WARN_RANGE_LOOP_ANALYSIS = YES;
				CLANG_WARN_STRICT_PROTOTYPES = YES;
				CLANG_WARN_SUSPICIOUS_MOVE = YES;
				CLANG_WARN_UNGUARDED_AVAILABILITY = YES_AGGRESSIVE;
				CLANG_WARN_UNREACHABLE_CODE = YES;
				CLANG_WARN__DUPLICATE_METHOD_MATCH = YES;
				CODE_SIGN_IDENTITY = "Mac Developer";
				COPY_PHASE_STRIP = NO;
				DEBUG_INFORMATION_FORMAT = "dwarf-with-dsym";
				ENABLE_NS_ASSERTIONS = NO;
				ENABLE_STRICT_OBJC_MSGSEND = YES;
				GCC_C_LANGUAGE_STANDARD = gnu11;
				GCC_NO_COMMON_BLOCKS = YES;
				GCC_WARN_64_TO_32_BIT_CONVERSION = YES;
				GCC_WARN_ABOUT_RETURN_TYPE = YES_ERROR;
				GCC_WARN_UNDECLARED_SELECTOR = YES;
				GCC_WARN_UNINITIALIZED_AUTOS = YES_AGGRESSIVE;
				GCC_WARN_UNUSED_FUNCTION = YES;
				GCC_WARN_UNUSED_VARIABLE = YES;
				MACOSX_DEPLOYMENT_TARGET = 10.14;
				MTL_ENABLE_DEBUG_INFO = NO;
				MTL_FAST_MATH = YES;
				SDKROOT = macosx;
			};
			name = Release;
		};
		A4968C5E228E8611004ED08A /* Debug */ = {
			isa = XCBuildConfiguration;
			baseConfigurationReference = CBEDB81EE7C4FC051CE94F32 /* Pods-XQArchiveProject.debug.xcconfig */;
			buildSettings = {
				ASSETCATALOG_COMPILER_APPICON_NAME = AppIcon;
				CODE_SIGN_ENTITLEMENTS = XQArchiveProject/XQArchiveProject.entitlements;
				CODE_SIGN_STYLE = Automatic;
				COMBINE_HIDPI_IMAGES = YES;
				DEVELOPMENT_TEAM = HYE5WA8QEX;
				INFOPLIST_FILE = XQArchiveProject/Info.plist;
				LD_RUNPATH_SEARCH_PATHS = (
					"$(inherited)",
					"@executable_path/../Frameworks",
				);
				PRODUCT_BUNDLE_IDENTIFIER = com.wxqlm.XQArchiveProject;
				PRODUCT_NAME = "$(TARGET_NAME)";
			};
			name = Debug;
		};
		A4968C5F228E8611004ED08A /* Release */ = {
			isa = XCBuildConfiguration;
			baseConfigurationReference = A7CCBE2F9B3E35C347F0330B /* Pods-XQArchiveProject.release.xcconfig */;
			buildSettings = {
				ASSETCATALOG_COMPILER_APPICON_NAME = AppIcon;
				CODE_SIGN_ENTITLEMENTS = XQArchiveProject/XQArchiveProject.entitlements;
				CODE_SIGN_STYLE = Automatic;
				COMBINE_HIDPI_IMAGES = YES;
				DEVELOPMENT_TEAM = HYE5WA8QEX;
				INFOPLIST_FILE = XQArchiveProject/Info.plist;
				LD_RUNPATH_SEARCH_PATHS = (
					"$(inherited)",
					"@executable_path/../Frameworks",
				);
				PRODUCT_BUNDLE_IDENTIFIER = com.wxqlm.XQArchiveProject;
				PRODUCT_NAME = "$(TARGET_NAME)";
			};
			name = Release;
		};
/* End XCBuildConfiguration section */

/* Begin XCConfigurationList section */
		A4968C44228E8610004ED08A /* Build configuration list for PBXProject "XQArchiveProject" */ = {
			isa = XCConfigurationList;
			buildConfigurations = (
				A4968C5B228E8611004ED08A /* Debug */,
				A4968C5C228E8611004ED08A /* Release */,
			);
			defaultConfigurationIsVisible = 0;
			defaultConfigurationName = Release;
		};
		A4968C5D228E8611004ED08A /* Build configuration list for PBXNativeTarget "XQArchiveProject" */ = {
			isa = XCConfigurationList;
			buildConfigurations = (
				A4968C5E228E8611004ED08A /* Debug */,
				A4968C5F228E8611004ED08A /* Release */,
			);
			defaultConfigurationIsVisible = 0;
			defaultConfigurationName = Release;
		};
/* End XCConfigurationList section */
	};
	rootObject = A4968C41228E8610004ED08A /* Project object */;
}
